
Microsoft Visual Studio Solution File, Format Version 12.00
# Visual Studio Version 17
VisualStudioVersion = 17.3.32901.215
MinimumVisualStudioVersion = 10.0.40219.1
Project("{FAE04EC0-301F-11D3-BF4B-00C04F79EFBC}") = "CarAdvertisementService", "CarAdvertisementService\CarAdvertisementService.csproj", "{BB20DEC7-A5BC-450E-9322-C6EB42D567EE}"
EndProject
Project("{FAE04EC0-301F-11D3-BF4B-00C04F79EFBC}") = "CarAdvertisementService.Test", "CarAdvertisementService.Test\CarAdvertisementService.Test.csproj", "{1001D553-B1D8-48F3-87B7-C8BA26C5F2C5}"
EndProject
Global
	GlobalSection(SolutionConfigurationPlatforms) = preSolution
		Debug|Any CPU = Debug|Any CPU
		Release|Any CPU = Release|Any CPU
	EndGlobalSection
	GlobalSection(ProjectConfigurationPlatforms) = postSolution
		{BB20DEC7-A5BC-450E-9322-C6EB42D567EE}.Debug|Any CPU.ActiveCfg = Debug|Any CPU
		{BB20DEC7-A5BC-450E-9322-C6EB42D567EE}.Debug|Any CPU.Build.0 = Debug|Any CPU
		{BB20DEC7-A5BC-450E-9322-C6EB42D567EE}.Release|Any CPU.ActiveCfg = Release|Any CPU
		{BB20DEC7-A5BC-450E-9322-C6EB42D567EE}.Release|Any CPU.Build.0 = Release|Any CPU
		{1001D553-B1D8-48F3-87B7-C8BA26C5F2C5}.Debug|Any CPU.ActiveCfg = Debug|Any CPU
		{1001D553-B1D8-48F3-87B7-C8BA26C5F2C5}.Debug|Any CPU.Build.0 = Debug|Any CPU
		{1001D553-B1D8-48F3-87B7-C8BA26C5F2C5}.Release|Any CPU.ActiveCfg = Release|Any CPU
		{1001D553-B1D8-48F3-87B7-C8BA26C5F2C5}.Release|Any CPU.Build.0 = Release|Any CPU
	EndGlobalSection
	GlobalSection(SolutionProperties) = preSolution
		HideSolutionNode = FALSE
	EndGlobalSection
	GlobalSection(ExtensibilityGlobals) = postSolution
		SolutionGuid = {3FA1C135-9F48-494D-82D0-A3F1ED5C1A7E}
	EndGlobalSection
EndGlobal
